// !$*UTF8*$!
{
	archiveVersion = 1;
	classes = {
	};
	objectVersion = 50;
	objects = {

/* Begin PBXBuildFile section */
		152052B125C24C0400EA186E /* SearchBar.swift in Sources */ = {isa = PBXBuildFile; fileRef = 152052B025C24C0400EA186E /* SearchBar.swift */; };
		1554BB4725C8310F005BBD0E /* FactsSearch.swift in Sources */ = {isa = PBXBuildFile; fileRef = 1554BB4625C8310F005BBD0E /* FactsSearch.swift */; };
		1554BB5125C8476A005BBD0E /* StateView.swift in Sources */ = {isa = PBXBuildFile; fileRef = 1554BB5025C8476A005BBD0E /* StateView.swift */; };
		1554BB5625C84F99005BBD0E /* FactItem.swift in Sources */ = {isa = PBXBuildFile; fileRef = 1554BB5525C84F99005BBD0E /* FactItem.swift */; };
		15ED679625C20E4A0044CB2C /* Chuck_Norris_ChallengeApp.swift in Sources */ = {isa = PBXBuildFile; fileRef = 15ED679525C20E4A0044CB2C /* Chuck_Norris_ChallengeApp.swift */; };
		15ED679825C20E4A0044CB2C /* ContentView.swift in Sources */ = {isa = PBXBuildFile; fileRef = 15ED679725C20E4A0044CB2C /* ContentView.swift */; };
		15ED679A25C20E4C0044CB2C /* Assets.xcassets in Resources */ = {isa = PBXBuildFile; fileRef = 15ED679925C20E4C0044CB2C /* Assets.xcassets */; };
		15ED679D25C20E4C0044CB2C /* Preview Assets.xcassets in Resources */ = {isa = PBXBuildFile; fileRef = 15ED679C25C20E4C0044CB2C /* Preview Assets.xcassets */; };
		15ED67A825C20E4D0044CB2C /* Chuck_Norris_ChallengeTests.swift in Sources */ = {isa = PBXBuildFile; fileRef = 15ED67A725C20E4D0044CB2C /* Chuck_Norris_ChallengeTests.swift */; };
		15ED67B325C20E4D0044CB2C /* Chuck_Norris_ChallengeUITests.swift in Sources */ = {isa = PBXBuildFile; fileRef = 15ED67B225C20E4D0044CB2C /* Chuck_Norris_ChallengeUITests.swift */; };
		15ED67D225C22B450044CB2C /* Fact.swift in Sources */ = {isa = PBXBuildFile; fileRef = 15ED67D125C22B450044CB2C /* Fact.swift */; };
		15ED67DC25C233540044CB2C /* FactsListViewModel.swift in Sources */ = {isa = PBXBuildFile; fileRef = 15ED67DB25C233540044CB2C /* FactsListViewModel.swift */; };
/* End PBXBuildFile section */

/* Begin PBXContainerItemProxy section */
		15ED67A425C20E4D0044CB2C /* PBXContainerItemProxy */ = {
			isa = PBXContainerItemProxy;
			containerPortal = 15ED678A25C20E4A0044CB2C /* Project object */;
			proxyType = 1;
			remoteGlobalIDString = 15ED679125C20E4A0044CB2C;
			remoteInfo = "Chuck Norris Challenge";
		};
		15ED67AF25C20E4D0044CB2C /* PBXContainerItemProxy */ = {
			isa = PBXContainerItemProxy;
			containerPortal = 15ED678A25C20E4A0044CB2C /* Project object */;
			proxyType = 1;
			remoteGlobalIDString = 15ED679125C20E4A0044CB2C;
			remoteInfo = "Chuck Norris Challenge";
		};
/* End PBXContainerItemProxy section */

/* Begin PBXFileReference section */
		152052B025C24C0400EA186E /* SearchBar.swift */ = {isa = PBXFileReference; lastKnownFileType = sourcecode.swift; path = SearchBar.swift; sourceTree = "<group>"; };
		1554BB4625C8310F005BBD0E /* FactsSearch.swift */ = {isa = PBXFileReference; lastKnownFileType = sourcecode.swift; path = FactsSearch.swift; sourceTree = "<group>"; };
		1554BB5025C8476A005BBD0E /* StateView.swift */ = {isa = PBXFileReference; lastKnownFileType = sourcecode.swift; path = StateView.swift; sourceTree = "<group>"; };
		1554BB5525C84F99005BBD0E /* FactItem.swift */ = {isa = PBXFileReference; lastKnownFileType = sourcecode.swift; path = FactItem.swift; sourceTree = "<group>"; };
		15ED679225C20E4A0044CB2C /* Chuck Norris Challenge.app */ = {isa = PBXFileReference; explicitFileType = wrapper.application; includeInIndex = 0; path = "Chuck Norris Challenge.app"; sourceTree = BUILT_PRODUCTS_DIR; };
		15ED679525C20E4A0044CB2C /* Chuck_Norris_ChallengeApp.swift */ = {isa = PBXFileReference; lastKnownFileType = sourcecode.swift; path = Chuck_Norris_ChallengeApp.swift; sourceTree = "<group>"; };
		15ED679725C20E4A0044CB2C /* ContentView.swift */ = {isa = PBXFileReference; lastKnownFileType = sourcecode.swift; path = ContentView.swift; sourceTree = "<group>"; };
		15ED679925C20E4C0044CB2C /* Assets.xcassets */ = {isa = PBXFileReference; lastKnownFileType = folder.assetcatalog; path = Assets.xcassets; sourceTree = "<group>"; };
		15ED679C25C20E4C0044CB2C /* Preview Assets.xcassets */ = {isa = PBXFileReference; lastKnownFileType = folder.assetcatalog; path = "Preview Assets.xcassets"; sourceTree = "<group>"; };
		15ED679E25C20E4C0044CB2C /* Info.plist */ = {isa = PBXFileReference; lastKnownFileType = text.plist.xml; path = Info.plist; sourceTree = "<group>"; };
		15ED67A325C20E4D0044CB2C /* Chuck Norris ChallengeTests.xctest */ = {isa = PBXFileReference; explicitFileType = wrapper.cfbundle; includeInIndex = 0; path = "Chuck Norris ChallengeTests.xctest"; sourceTree = BUILT_PRODUCTS_DIR; };
		15ED67A725C20E4D0044CB2C /* Chuck_Norris_ChallengeTests.swift */ = {isa = PBXFileReference; lastKnownFileType = sourcecode.swift; path = Chuck_Norris_ChallengeTests.swift; sourceTree = "<group>"; };
		15ED67A925C20E4D0044CB2C /* Info.plist */ = {isa = PBXFileReference; lastKnownFileType = text.plist.xml; path = Info.plist; sourceTree = "<group>"; };
		15ED67AE25C20E4D0044CB2C /* Chuck Norris ChallengeUITests.xctest */ = {isa = PBXFileReference; explicitFileType = wrapper.cfbundle; includeInIndex = 0; path = "Chuck Norris ChallengeUITests.xctest"; sourceTree = BUILT_PRODUCTS_DIR; };
		15ED67B225C20E4D0044CB2C /* Chuck_Norris_ChallengeUITests.swift */ = {isa = PBXFileReference; lastKnownFileType = sourcecode.swift; path = Chuck_Norris_ChallengeUITests.swift; sourceTree = "<group>"; };
		15ED67B425C20E4D0044CB2C /* Info.plist */ = {isa = PBXFileReference; lastKnownFileType = text.plist.xml; path = Info.plist; sourceTree = "<group>"; };
		15ED67D125C22B450044CB2C /* Fact.swift */ = {isa = PBXFileReference; lastKnownFileType = sourcecode.swift; path = Fact.swift; sourceTree = "<group>"; };
		15ED67DB25C233540044CB2C /* FactsListViewModel.swift */ = {isa = PBXFileReference; lastKnownFileType = sourcecode.swift; path = FactsListViewModel.swift; sourceTree = "<group>"; };
/* End PBXFileReference section */

/* Begin PBXFrameworksBuildPhase section */
		15ED678F25C20E4A0044CB2C /* Frameworks */ = {
			isa = PBXFrameworksBuildPhase;
			buildActionMask = 2147483647;
			files = (
			);
			runOnlyForDeploymentPostprocessing = 0;
		};
		15ED67A025C20E4D0044CB2C /* Frameworks */ = {
			isa = PBXFrameworksBuildPhase;
			buildActionMask = 2147483647;
			files = (
			);
			runOnlyForDeploymentPostprocessing = 0;
		};
		15ED67AB25C20E4D0044CB2C /* Frameworks */ = {
			isa = PBXFrameworksBuildPhase;
			buildActionMask = 2147483647;
			files = (
			);
			runOnlyForDeploymentPostprocessing = 0;
		};
/* End PBXFrameworksBuildPhase section */

/* Begin PBXGroup section */
		152052B525C2589400EA186E /* Reusable Components */ = {
			isa = PBXGroup;
			children = (
				152052B025C24C0400EA186E /* SearchBar.swift */,
				1554BB5025C8476A005BBD0E /* StateView.swift */,
				1554BB5525C84F99005BBD0E /* FactItem.swift */,
			);
			path = "Reusable Components";
			sourceTree = "<group>";
		};
		15ED678925C20E4A0044CB2C = {
			isa = PBXGroup;
			children = (
				15ED679425C20E4A0044CB2C /* Chuck Norris Challenge */,
				15ED67A625C20E4D0044CB2C /* Chuck Norris ChallengeTests */,
				15ED67B125C20E4D0044CB2C /* Chuck Norris ChallengeUITests */,
				15ED679325C20E4A0044CB2C /* Products */,
			);
			sourceTree = "<group>";
		};
		15ED679325C20E4A0044CB2C /* Products */ = {
			isa = PBXGroup;
			children = (
				15ED679225C20E4A0044CB2C /* Chuck Norris Challenge.app */,
				15ED67A325C20E4D0044CB2C /* Chuck Norris ChallengeTests.xctest */,
				15ED67AE25C20E4D0044CB2C /* Chuck Norris ChallengeUITests.xctest */,
			);
			name = Products;
			sourceTree = "<group>";
		};
		15ED679425C20E4A0044CB2C /* Chuck Norris Challenge */ = {
			isa = PBXGroup;
			children = (
				15ED679525C20E4A0044CB2C /* Chuck_Norris_ChallengeApp.swift */,
				15ED67C825C229DB0044CB2C /* Models */,
				15ED67C725C229CE0044CB2C /* ViewModels */,
				15ED67C325C2295B0044CB2C /* Views */,
				15ED679925C20E4C0044CB2C /* Assets.xcassets */,
				15ED679E25C20E4C0044CB2C /* Info.plist */,
				15ED679B25C20E4C0044CB2C /* Preview Content */,
			);
			path = "Chuck Norris Challenge";
			sourceTree = "<group>";
		};
		15ED679B25C20E4C0044CB2C /* Preview Content */ = {
			isa = PBXGroup;
			children = (
				15ED679C25C20E4C0044CB2C /* Preview Assets.xcassets */,
			);
			path = "Preview Content";
			sourceTree = "<group>";
		};
		15ED67A625C20E4D0044CB2C /* Chuck Norris ChallengeTests */ = {
			isa = PBXGroup;
			children = (
				15ED67A725C20E4D0044CB2C /* Chuck_Norris_ChallengeTests.swift */,
				15ED67A925C20E4D0044CB2C /* Info.plist */,
			);
			path = "Chuck Norris ChallengeTests";
			sourceTree = "<group>";
		};
		15ED67B125C20E4D0044CB2C /* Chuck Norris ChallengeUITests */ = {
			isa = PBXGroup;
			children = (
				15ED67B225C20E4D0044CB2C /* Chuck_Norris_ChallengeUITests.swift */,
				15ED67B425C20E4D0044CB2C /* Info.plist */,
			);
			path = "Chuck Norris ChallengeUITests";
			sourceTree = "<group>";
		};
		15ED67C325C2295B0044CB2C /* Views */ = {
			isa = PBXGroup;
			children = (
				15ED679725C20E4A0044CB2C /* ContentView.swift */,
				152052B525C2589400EA186E /* Reusable Components */,
			);
			path = Views;
			sourceTree = "<group>";
		};
		15ED67C725C229CE0044CB2C /* ViewModels */ = {
			isa = PBXGroup;
			children = (
				15ED67DB25C233540044CB2C /* FactsListViewModel.swift */,
			);
			path = ViewModels;
			sourceTree = "<group>";
		};
		15ED67C825C229DB0044CB2C /* Models */ = {
			isa = PBXGroup;
			children = (
				15ED67D125C22B450044CB2C /* Fact.swift */,
				1554BB4625C8310F005BBD0E /* FactsSearch.swift */,
			);
			path = Models;
			sourceTree = "<group>";
		};
/* End PBXGroup section */

/* Begin PBXNativeTarget section */
		15ED679125C20E4A0044CB2C /* Chuck Norris Challenge */ = {
			isa = PBXNativeTarget;
			buildConfigurationList = 15ED67B725C20E4D0044CB2C /* Build configuration list for PBXNativeTarget "Chuck Norris Challenge" */;
			buildPhases = (
				15ED678E25C20E4A0044CB2C /* Sources */,
				15ED678F25C20E4A0044CB2C /* Frameworks */,
				15ED679025C20E4A0044CB2C /* Resources */,
			);
			buildRules = (
			);
			dependencies = (
			);
			name = "Chuck Norris Challenge";
			productName = "Chuck Norris Challenge";
			productReference = 15ED679225C20E4A0044CB2C /* Chuck Norris Challenge.app */;
			productType = "com.apple.product-type.application";
		};
		15ED67A225C20E4D0044CB2C /* Chuck Norris ChallengeTests */ = {
			isa = PBXNativeTarget;
			buildConfigurationList = 15ED67BA25C20E4D0044CB2C /* Build configuration list for PBXNativeTarget "Chuck Norris ChallengeTests" */;
			buildPhases = (
				15ED679F25C20E4D0044CB2C /* Sources */,
				15ED67A025C20E4D0044CB2C /* Frameworks */,
				15ED67A125C20E4D0044CB2C /* Resources */,
			);
			buildRules = (
			);
			dependencies = (
				15ED67A525C20E4D0044CB2C /* PBXTargetDependency */,
			);
			name = "Chuck Norris ChallengeTests";
			productName = "Chuck Norris ChallengeTests";
			productReference = 15ED67A325C20E4D0044CB2C /* Chuck Norris ChallengeTests.xctest */;
			productType = "com.apple.product-type.bundle.unit-test";
		};
		15ED67AD25C20E4D0044CB2C /* Chuck Norris ChallengeUITests */ = {
			isa = PBXNativeTarget;
			buildConfigurationList = 15ED67BD25C20E4D0044CB2C /* Build configuration list for PBXNativeTarget "Chuck Norris ChallengeUITests" */;
			buildPhases = (
				15ED67AA25C20E4D0044CB2C /* Sources */,
				15ED67AB25C20E4D0044CB2C /* Frameworks */,
				15ED67AC25C20E4D0044CB2C /* Resources */,
			);
			buildRules = (
			);
			dependencies = (
				15ED67B025C20E4D0044CB2C /* PBXTargetDependency */,
			);
			name = "Chuck Norris ChallengeUITests";
			productName = "Chuck Norris ChallengeUITests";
			productReference = 15ED67AE25C20E4D0044CB2C /* Chuck Norris ChallengeUITests.xctest */;
			productType = "com.apple.product-type.bundle.ui-testing";
		};
/* End PBXNativeTarget section */

/* Begin PBXProject section */
		15ED678A25C20E4A0044CB2C /* Project object */ = {
			isa = PBXProject;
			attributes = {
				LastSwiftUpdateCheck = 1210;
				LastUpgradeCheck = 1210;
				TargetAttributes = {
					15ED679125C20E4A0044CB2C = {
						CreatedOnToolsVersion = 12.1;
					};
					15ED67A225C20E4D0044CB2C = {
						CreatedOnToolsVersion = 12.1;
						TestTargetID = 15ED679125C20E4A0044CB2C;
					};
					15ED67AD25C20E4D0044CB2C = {
						CreatedOnToolsVersion = 12.1;
						TestTargetID = 15ED679125C20E4A0044CB2C;
					};
				};
			};
			buildConfigurationList = 15ED678D25C20E4A0044CB2C /* Build configuration list for PBXProject "Chuck Norris Challenge" */;
			compatibilityVersion = "Xcode 9.3";
			developmentRegion = en;
			hasScannedForEncodings = 0;
			knownRegions = (
				en,
				Base,
			);
			mainGroup = 15ED678925C20E4A0044CB2C;
			productRefGroup = 15ED679325C20E4A0044CB2C /* Products */;
			projectDirPath = "";
			projectRoot = "";
			targets = (
				15ED679125C20E4A0044CB2C /* Chuck Norris Challenge */,
				15ED67A225C20E4D0044CB2C /* Chuck Norris ChallengeTests */,
				15ED67AD25C20E4D0044CB2C /* Chuck Norris ChallengeUITests */,
			);
		};
/* End PBXProject section */

/* Begin PBXResourcesBuildPhase section */
		15ED679025C20E4A0044CB2C /* Resources */ = {
			isa = PBXResourcesBuildPhase;
			buildActionMask = 2147483647;
			files = (
				15ED679D25C20E4C0044CB2C /* Preview Assets.xcassets in Resources */,
				15ED679A25C20E4C0044CB2C /* Assets.xcassets in Resources */,
			);
			runOnlyForDeploymentPostprocessing = 0;
		};
		15ED67A125C20E4D0044CB2C /* Resources */ = {
			isa = PBXResourcesBuildPhase;
			buildActionMask = 2147483647;
			files = (
			);
			runOnlyForDeploymentPostprocessing = 0;
		};
		15ED67AC25C20E4D0044CB2C /* Resources */ = {
			isa = PBXResourcesBuildPhase;
			buildActionMask = 2147483647;
			files = (
			);
			runOnlyForDeploymentPostprocessing = 0;
		};
/* End PBXResourcesBuildPhase section */

/* Begin PBXSourcesBuildPhase section */
		15ED678E25C20E4A0044CB2C /* Sources */ = {
			isa = PBXSourcesBuildPhase;
			buildActionMask = 2147483647;
			files = (
				152052B125C24C0400EA186E /* SearchBar.swift in Sources */,
				1554BB5125C8476A005BBD0E /* StateView.swift in Sources */,
				1554BB5625C84F99005BBD0E /* FactItem.swift in Sources */,
				15ED67DC25C233540044CB2C /* FactsListViewModel.swift in Sources */,
				15ED679825C20E4A0044CB2C /* ContentView.swift in Sources */,
				1554BB4725C8310F005BBD0E /* FactsSearch.swift in Sources */,
				15ED679625C20E4A0044CB2C /* Chuck_Norris_ChallengeApp.swift in Sources */,
				15ED67D225C22B450044CB2C /* Fact.swift in Sources */,
			);
			runOnlyForDeploymentPostprocessing = 0;
		};
		15ED679F25C20E4D0044CB2C /* Sources */ = {
			isa = PBXSourcesBuildPhase;
			buildActionMask = 2147483647;
			files = (
				15ED67A825C20E4D0044CB2C /* Chuck_Norris_ChallengeTests.swift in Sources */,
			);
			runOnlyForDeploymentPostprocessing = 0;
		};
		15ED67AA25C20E4D0044CB2C /* Sources */ = {
			isa = PBXSourcesBuildPhase;
			buildActionMask = 2147483647;
			files = (
				15ED67B325C20E4D0044CB2C /* Chuck_Norris_ChallengeUITests.swift in Sources */,
			);
			runOnlyForDeploymentPostprocessing = 0;
		};
/* End PBXSourcesBuildPhase section */

/* Begin PBXTargetDependency section */
		15ED67A525C20E4D0044CB2C /* PBXTargetDependency */ = {
			isa = PBXTargetDependency;
			target = 15ED679125C20E4A0044CB2C /* Chuck Norris Challenge */;
			targetProxy = 15ED67A425C20E4D0044CB2C /* PBXContainerItemProxy */;
		};
		15ED67B025C20E4D0044CB2C /* PBXTargetDependency */ = {
			isa = PBXTargetDependency;
			target = 15ED679125C20E4A0044CB2C /* Chuck Norris Challenge */;
			targetProxy = 15ED67AF25C20E4D0044CB2C /* PBXContainerItemProxy */;
		};
/* End PBXTargetDependency section */

/* Begin XCBuildConfiguration section */
		15ED67B525C20E4D0044CB2C /* Debug */ = {
			isa = XCBuildConfiguration;
			buildSettings = {
				ALWAYS_SEARCH_USER_PATHS = NO;
				CLANG_ANALYZER_NONNULL = YES;
				CLANG_ANALYZER_NUMBER_OBJECT_CONVERSION = YES_AGGRESSIVE;
				CLANG_CXX_LANGUAGE_STANDARD = "gnu++14";
				CLANG_CXX_LIBRARY = "libc++";
				CLANG_ENABLE_MODULES = YES;
				CLANG_ENABLE_OBJC_ARC = YES;
				CLANG_ENABLE_OBJC_WEAK = YES;
				CLANG_WARN_BLOCK_CAPTURE_AUTORELEASING = YES;
				CLANG_WARN_BOOL_CONVERSION = YES;
				CLANG_WARN_COMMA = YES;
				CLANG_WARN_CONSTANT_CONVERSION = YES;
				CLANG_WARN_DEPRECATED_OBJC_IMPLEMENTATIONS = YES;
				CLANG_WARN_DIRECT_OBJC_ISA_USAGE = YES_ERROR;
				CLANG_WARN_DOCUMENTATION_COMMENTS = YES;
				CLANG_WARN_EMPTY_BODY = YES;
				CLANG_WARN_ENUM_CONVERSION = YES;
				CLANG_WARN_INFINITE_RECURSION = YES;
				CLANG_WARN_INT_CONVERSION = YES;
				CLANG_WARN_NON_LITERAL_NULL_CONVERSION = YES;
				CLANG_WARN_OBJC_IMPLICIT_RETAIN_SELF = YES;
				CLANG_WARN_OBJC_LITERAL_CONVERSION = YES;
				CLANG_WARN_OBJC_ROOT_CLASS = YES_ERROR;
				CLANG_WARN_QUOTED_INCLUDE_IN_FRAMEWORK_HEADER = YES;
				CLANG_WARN_RANGE_LOOP_ANALYSIS = YES;
				CLANG_WARN_STRICT_PROTOTYPES = YES;
				CLANG_WARN_SUSPICIOUS_MOVE = YES;
				CLANG_WARN_UNGUARDED_AVAILABILITY = YES_AGGRESSIVE;
				CLANG_WARN_UNREACHABLE_CODE = YES;
				CLANG_WARN__DUPLICATE_METHOD_MATCH = YES;
				COPY_PHASE_STRIP = NO;
				DEBUG_INFORMATION_FORMAT = dwarf;
				ENABLE_STRICT_OBJC_MSGSEND = YES;
				ENABLE_TESTABILITY = YES;
				GCC_C_LANGUAGE_STANDARD = gnu11;
				GCC_DYNAMIC_NO_PIC = NO;
				GCC_NO_COMMON_BLOCKS = YES;
				GCC_OPTIMIZATION_LEVEL = 0;
				GCC_PREPROCESSOR_DEFINITIONS = (
					"DEBUG=1",
					"$(inherited)",
				);
				GCC_WARN_64_TO_32_BIT_CONVERSION = YES;
				GCC_WARN_ABOUT_RETURN_TYPE = YES_ERROR;
				GCC_WARN_UNDECLARED_SELECTOR = YES;
				GCC_WARN_UNINITIALIZED_AUTOS = YES_AGGRESSIVE;
				GCC_WARN_UNUSED_FUNCTION = YES;
				GCC_WARN_UNUSED_VARIABLE = YES;
				IPHONEOS_DEPLOYMENT_TARGET = 14.1;
				MTL_ENABLE_DEBUG_INFO = INCLUDE_SOURCE;
				MTL_FAST_MATH = YES;
				ONLY_ACTIVE_ARCH = YES;
				SDKROOT = iphoneos;
				SWIFT_ACTIVE_COMPILATION_CONDITIONS = DEBUG;
				SWIFT_OPTIMIZATION_LEVEL = "-Onone";
			};
			name = Debug;
		};
		15ED67B625C20E4D0044CB2C /* Release */ = {
			isa = XCBuildConfiguration;
			buildSettings = {
				ALWAYS_SEARCH_USER_PATHS = NO;
				CLANG_ANALYZER_NONNULL = YES;
				CLANG_ANALYZER_NUMBER_OBJECT_CONVERSION = YES_AGGRESSIVE;
				CLANG_CXX_LANGUAGE_STANDARD = "gnu++14";
				CLANG_CXX_LIBRARY = "libc++";
				CLANG_ENABLE_MODULES = YES;
				CLANG_ENABLE_OBJC_ARC = YES;
				CLANG_ENABLE_OBJC_WEAK = YES;
				CLANG_WARN_BLOCK_CAPTURE_AUTORELEASING = YES;
				CLANG_WARN_BOOL_CONVERSION = YES;
				CLANG_WARN_COMMA = YES;
				CLANG_WARN_CONSTANT_CONVERSION = YES;
				CLANG_WARN_DEPRECATED_OBJC_IMPLEMENTATIONS = YES;
				CLANG_WARN_DIRECT_OBJC_ISA_USAGE = YES_ERROR;
				CLANG_WARN_DOCUMENTATION_COMMENTS = YES;
				CLANG_WARN_EMPTY_BODY = YES;
				CLANG_WARN_ENUM_CONVERSION = YES;
				CLANG_WARN_INFINITE_RECURSION = YES;
				CLANG_WARN_INT_CONVERSION = YES;
				CLANG_WARN_NON_LITERAL_NULL_CONVERSION = YES;
				CLANG_WARN_OBJC_IMPLICIT_RETAIN_SELF = YES;
				CLANG_WARN_OBJC_LITERAL_CONVERSION = YES;
				CLANG_WARN_OBJC_ROOT_CLASS = YES_ERROR;
				CLANG_WARN_QUOTED_INCLUDE_IN_FRAMEWORK_HEADER = YES;
				CLANG_WARN_RANGE_LOOP_ANALYSIS = YES;
				CLANG_WARN_STRICT_PROTOTYPES = YES;
				CLANG_WARN_SUSPICIOUS_MOVE = YES;
				CLANG_WARN_UNGUARDED_AVAILABILITY = YES_AGGRESSIVE;
				CLANG_WARN_UNREACHABLE_CODE = YES;
				CLANG_WARN__DUPLICATE_METHOD_MATCH = YES;
				COPY_PHASE_STRIP = NO;
				DEBUG_INFORMATION_FORMAT = "dwarf-with-dsym";
				ENABLE_NS_ASSERTIONS = NO;
				ENABLE_STRICT_OBJC_MSGSEND = YES;
				GCC_C_LANGUAGE_STANDARD = gnu11;
				GCC_NO_COMMON_BLOCKS = YES;
				GCC_WARN_64_TO_32_BIT_CONVERSION = YES;
				GCC_WARN_ABOUT_RETURN_TYPE = YES_ERROR;
				GCC_WARN_UNDECLARED_SELECTOR = YES;
				GCC_WARN_UNINITIALIZED_AUTOS = YES_AGGRESSIVE;
				GCC_WARN_UNUSED_FUNCTION = YES;
				GCC_WARN_UNUSED_VARIABLE = YES;
				IPHONEOS_DEPLOYMENT_TARGET = 14.1;
				MTL_ENABLE_DEBUG_INFO = NO;
				MTL_FAST_MATH = YES;
				SDKROOT = iphoneos;
				SWIFT_COMPILATION_MODE = wholemodule;
				SWIFT_OPTIMIZATION_LEVEL = "-O";
				VALIDATE_PRODUCT = YES;
			};
			name = Release;
		};
		15ED67B825C20E4D0044CB2C /* Debug */ = {
			isa = XCBuildConfiguration;
			buildSettings = {
				ASSETCATALOG_COMPILER_APPICON_NAME = AppIcon;
				ASSETCATALOG_COMPILER_GLOBAL_ACCENT_COLOR_NAME = AccentColor;
				CODE_SIGN_STYLE = Automatic;
				DEVELOPMENT_ASSET_PATHS = "\"Chuck Norris Challenge/Preview Content\"";
				DEVELOPMENT_TEAM = KR4Y5FM6XV;
				ENABLE_PREVIEWS = YES;
				INFOPLIST_FILE = "Chuck Norris Challenge/Info.plist";
				IPHONEOS_DEPLOYMENT_TARGET = 14.0;
				LD_RUNPATH_SEARCH_PATHS = (
					"$(inherited)",
					"@executable_path/Frameworks",
				);
				PRODUCT_BUNDLE_IDENTIFIER = "brunol7.Chuck-Norris-Challenge";
				PRODUCT_NAME = "$(TARGET_NAME)";
				SWIFT_VERSION = 5.0;
				TARGETED_DEVICE_FAMILY = "1,2";
			};
			name = Debug;
		};
		15ED67B925C20E4D0044CB2C /* Release */ = {
			isa = XCBuildConfiguration;
			buildSettings = {
				ASSETCATALOG_COMPILER_APPICON_NAME = AppIcon;
				ASSETCATALOG_COMPILER_GLOBAL_ACCENT_COLOR_NAME = AccentColor;
				CODE_SIGN_STYLE = Automatic;
				DEVELOPMENT_ASSET_PATHS = "\"Chuck Norris Challenge/Preview Content\"";
				DEVELOPMENT_TEAM = KR4Y5FM6XV;
				ENABLE_PREVIEWS = YES;
				INFOPLIST_FILE = "Chuck Norris Challenge/Info.plist";
				IPHONEOS_DEPLOYMENT_TARGET = 14.0;
				LD_RUNPATH_SEARCH_PATHS = (
					"$(inherited)",
					"@executable_path/Frameworks",
				);
				PRODUCT_BUNDLE_IDENTIFIER = "brunol7.Chuck-Norris-Challenge";
				PRODUCT_NAME = "$(TARGET_NAME)";
				SWIFT_VERSION = 5.0;
				TARGETED_DEVICE_FAMILY = "1,2";
			};
			name = Release;
		};
		15ED67BB25C20E4D0044CB2C /* Debug */ = {
			isa = XCBuildConfiguration;
			buildSettings = {
				ALWAYS_EMBED_SWIFT_STANDARD_LIBRARIES = YES;
				BUNDLE_LOADER = "$(TEST_HOST)";
				CODE_SIGN_STYLE = Automatic;
				DEVELOPMENT_TEAM = KR4Y5FM6XV;
				INFOPLIST_FILE = "Chuck Norris ChallengeTests/Info.plist";
				IPHONEOS_DEPLOYMENT_TARGET = 14.0;
				LD_RUNPATH_SEARCH_PATHS = (
					"$(inherited)",
					"@executable_path/Frameworks",
					"@loader_path/Frameworks",
				);
				PRODUCT_BUNDLE_IDENTIFIER = "brunol7.Chuck-Norris-ChallengeTests";
				PRODUCT_NAME = "$(TARGET_NAME)";
				SWIFT_VERSION = 5.0;
				TARGETED_DEVICE_FAMILY = "1,2";
				TEST_HOST = "$(BUILT_PRODUCTS_DIR)/Chuck Norris Challenge.app/Chuck Norris Challenge";
			};
			name = Debug;
		};
		15ED67BC25C20E4D0044CB2C /* Release */ = {
			isa = XCBuildConfiguration;
			buildSettings = {
				ALWAYS_EMBED_SWIFT_STANDARD_LIBRARIES = YES;
				BUNDLE_LOADER = "$(TEST_HOST)";
				CODE_SIGN_STYLE = Automatic;
				DEVELOPMENT_TEAM = KR4Y5FM6XV;
				INFOPLIST_FILE = "Chuck Norris ChallengeTests/Info.plist";
				IPHONEOS_DEPLOYMENT_TARGET = 14.0;
				LD_RUNPATH_SEARCH_PATHS = (
					"$(inherited)",
					"@executable_path/Frameworks",
					"@loader_path/Frameworks",
				);
				PRODUCT_BUNDLE_IDENTIFIER = "brunol7.Chuck-Norris-ChallengeTests";
				PRODUCT_NAME = "$(TARGET_NAME)";
				SWIFT_VERSION = 5.0;
				TARGETED_DEVICE_FAMILY = "1,2";
				TEST_HOST = "$(BUILT_PRODUCTS_DIR)/Chuck Norris Challenge.app/Chuck Norris Challenge";
			};
			name = Release;
		};
		15ED67BE25C20E4D0044CB2C /* Debug */ = {
			isa = XCBuildConfiguration;
			buildSettings = {
				ALWAYS_EMBED_SWIFT_STANDARD_LIBRARIES = YES;
				CODE_SIGN_STYLE = Automatic;
				DEVELOPMENT_TEAM = KR4Y5FM6XV;
				INFOPLIST_FILE = "Chuck Norris ChallengeUITests/Info.plist";
				LD_RUNPATH_SEARCH_PATHS = (
					"$(inherited)",
					"@executable_path/Frameworks",
					"@loader_path/Frameworks",
				);
				PRODUCT_BUNDLE_IDENTIFIER = "brunol7.Chuck-Norris-ChallengeUITests";
				PRODUCT_NAME = "$(TARGET_NAME)";
				SWIFT_VERSION = 5.0;
				TARGETED_DEVICE_FAMILY = "1,2";
				TEST_TARGET_NAME = "Chuck Norris Challenge";
			};
			name = Debug;
		};
		15ED67BF25C20E4D0044CB2C /* Release */ = {
			isa = XCBuildConfiguration;
			buildSettings = {
				ALWAYS_EMBED_SWIFT_STANDARD_LIBRARIES = YES;
				CODE_SIGN_STYLE = Automatic;
				DEVELOPMENT_TEAM = KR4Y5FM6XV;
				INFOPLIST_FILE = "Chuck Norris ChallengeUITests/Info.plist";
				LD_RUNPATH_SEARCH_PATHS = (
					"$(inherited)",
					"@executable_path/Frameworks",
					"@loader_path/Frameworks",
				);
				PRODUCT_BUNDLE_IDENTIFIER = "brunol7.Chuck-Norris-ChallengeUITests";
				PRODUCT_NAME = "$(TARGET_NAME)";
				SWIFT_VERSION = 5.0;
				TARGETED_DEVICE_FAMILY = "1,2";
				TEST_TARGET_NAME = "Chuck Norris Challenge";
			};
			name = Release;
		};
/* End XCBuildConfiguration section */

/* Begin XCConfigurationList section */
		15ED678D25C20E4A0044CB2C /* Build configuration list for PBXProject "Chuck Norris Challenge" */ = {
			isa = XCConfigurationList;
			buildConfigurations = (
				15ED67B525C20E4D0044CB2C /* Debug */,
				15ED67B625C20E4D0044CB2C /* Release */,
			);
			defaultConfigurationIsVisible = 0;
			defaultConfigurationName = Release;
		};
		15ED67B725C20E4D0044CB2C /* Build configuration list for PBXNativeTarget "Chuck Norris Challenge" */ = {
			isa = XCConfigurationList;
			buildConfigurations = (
				15ED67B825C20E4D0044CB2C /* Debug */,
				15ED67B925C20E4D0044CB2C /* Release */,
			);
			defaultConfigurationIsVisible = 0;
			defaultConfigurationName = Release;
		};
		15ED67BA25C20E4D0044CB2C /* Build configuration list for PBXNativeTarget "Chuck Norris ChallengeTests" */ = {
			isa = XCConfigurationList;
			buildConfigurations = (
				15ED67BB25C20E4D0044CB2C /* Debug */,
				15ED67BC25C20E4D0044CB2C /* Release */,
			);
			defaultConfigurationIsVisible = 0;
			defaultConfigurationName = Release;
		};
		15ED67BD25C20E4D0044CB2C /* Build configuration list for PBXNativeTarget "Chuck Norris ChallengeUITests" */ = {
			isa = XCConfigurationList;
			buildConfigurations = (
				15ED67BE25C20E4D0044CB2C /* Debug */,
				15ED67BF25C20E4D0044CB2C /* Release */,
			);
			defaultConfigurationIsVisible = 0;
			defaultConfigurationName = Release;
		};
/* End XCConfigurationList section */
	};
	rootObject = 15ED678A25C20E4A0044CB2C /* Project object */;
}
